dependencies:
- name: hdfs
  repository: https://bigdataflatformdynamicconfiguration.github.io/Custom_Helm/
  version: 0.1.10
- name: zookeeper
  repository: https://charts.bitnami.com/bitnami
  version: 6.3.4
digest: sha256:db78c96f0151ba87bdb138a369a0e28e40f3a5d6f07bfd499302901ec48a23fe
generated: "2021-05-16T05:10:28.6241119+09:00"
